Microsoft Visual Studio Solution File, Format Version 12.00
# Visual Studio Version 17
VisualStudioVersion = 17.5.2.0
MinimumVisualStudioVersion = 10.0.40219.1
Project("{FAE04EC0-301F-11D3-BF4B-00C04F79EFBC}") = "BakeClothNormalmap.HS2", "BakeClothNormalmap.HS2.csproj", "{9323B5F7-B6F6-26AA-A716-024D2F9B369D}"
EndProject
Global
	GlobalSection(SolutionConfigurationPlatforms) = preSolution
		Debug|Any CPU = Debug|Any CPU
		Release|Any CPU = Release|Any CPU
	EndGlobalSection
	GlobalSection(ProjectConfigurationPlatforms) = postSolution
		{9323B5F7-B6F6-26AA-A716-024D2F9B369D}.Debug|Any CPU.ActiveCfg = Debug|Any CPU
		{9323B5F7-B6F6-26AA-A716-024D2F9B369D}.Debug|Any CPU.Build.0 = Debug|Any CPU
		{9323B5F7-B6F6-26AA-A716-024D2F9B369D}.Release|Any CPU.ActiveCfg = Release|Any CPU
		{9323B5F7-B6F6-26AA-A716-024D2F9B369D}.Release|Any CPU.Build.0 = Release|Any CPU
	EndGlobalSection
	GlobalSection(SolutionProperties) = preSolution
		HideSolutionNode = FALSE
	EndGlobalSection
	GlobalSection(ExtensibilityGlobals) = postSolution
		SolutionGuid = {56EE566C-E3D0-4F86-AA18-63DDC99C7E31}
	EndGlobalSection
EndGlobal
